
Microsoft Visual Studio Solution File, Format Version 12.00
# Visual Studio Version 16
VisualStudioVersion = 16.0.29728.190
MinimumVisualStudioVersion = 10.0.40219.1
Project("{FAE04EC0-301F-11D3-BF4B-00C04F79EFBC}") = "NexGenAPi", "NexGenAPi\NexGenAPi.csproj", "{5DC20A5E-2FE9-4F52-BC6A-3EBDB14E0C8F}"
EndProject
Project("{FAE04EC0-301F-11D3-BF4B-00C04F79EFBC}") = "NextGentApiTests", "NextGentApiTests\NextGentApiTests.csproj", "{04F88726-6E33-4162-B818-488C79745777}"
EndProject
Global
	GlobalSection(SolutionConfigurationPlatforms) = preSolution
		Debug|Any CPU = Debug|Any CPU
		Release|Any CPU = Release|Any CPU
	EndGlobalSection
	GlobalSection(ProjectConfigurationPlatforms) = postSolution
		{5DC20A5E-2FE9-4F52-BC6A-3EBDB14E0C8F}.Debug|Any CPU.ActiveCfg = Debug|Any CPU
		{5DC20A5E-2FE9-4F52-BC6A-3EBDB14E0C8F}.Debug|Any CPU.Build.0 = Debug|Any CPU
		{5DC20A5E-2FE9-4F52-BC6A-3EBDB14E0C8F}.Release|Any CPU.ActiveCfg = Release|Any CPU
		{5DC20A5E-2FE9-4F52-BC6A-3EBDB14E0C8F}.Release|Any CPU.Build.0 = Release|Any CPU
		{04F88726-6E33-4162-B818-488C79745777}.Debug|Any CPU.ActiveCfg = Debug|Any CPU
		{04F88726-6E33-4162-B818-488C79745777}.Debug|Any CPU.Build.0 = Debug|Any CPU
		{04F88726-6E33-4162-B818-488C79745777}.Release|Any CPU.ActiveCfg = Release|Any CPU
		{04F88726-6E33-4162-B818-488C79745777}.Release|Any CPU.Build.0 = Release|Any CPU
	EndGlobalSection
	GlobalSection(SolutionProperties) = preSolution
		HideSolutionNode = FALSE
	EndGlobalSection
	GlobalSection(ExtensibilityGlobals) = postSolution
		SolutionGuid = {41BDDD6F-C7BB-4BB7-9CDB-AA445EDDAA9B}
	EndGlobalSection
EndGlobal
